// !$*UTF8*$!
{
	archiveVersion = 1;
	classes = {
	};
	objectVersion = 56;
	objects = {

/* Begin PBXBuildFile section */
		7BDCC5842B2381BE00F328C7 /* 606. Construct String from Binary Tree.cpp in Sources */ = {isa = PBXBuildFile; fileRef = 7BDCC5832B2381BE00F328C7 /* 606. Construct String from Binary Tree.cpp */; };
/* End PBXBuildFile section */

/* Begin PBXCopyFilesBuildPhase section */
		7B36C5FC2B1CFC37005253E3 /* CopyFiles */ = {
			isa = PBXCopyFilesBuildPhase;
			buildActionMask = 2147483647;
			dstPath = /usr/share/man/man1/;
			dstSubfolderSpec = 0;
			files = (
			);
			runOnlyForDeploymentPostprocessing = 1;
		};
/* End PBXCopyFilesBuildPhase section */

/* Begin PBXFileReference section */
		7B0B5B162B224E5400E75531 /* 1903. Largest Odd Number in String.cpp */ = {isa = PBXFileReference; lastKnownFileType = sourcecode.cpp.cpp; path = "1903. Largest Odd Number in String.cpp"; sourceTree = "<group>"; };
		7B36C5FE2B1CFC37005253E3 /* SymbioteSyntax */ = {isa = PBXFileReference; explicitFileType = "compiled.mach-o.executable"; includeInIndex = 0; path = SymbioteSyntax; sourceTree = BUILT_PRODUCTS_DIR; };
		7B36C6012B1CFC37005253E3 /* main.cpp */ = {isa = PBXFileReference; lastKnownFileType = sourcecode.cpp.cpp; path = main.cpp; sourceTree = "<group>"; };
		7B36C6152B1D0861005253E3 /* char-array-compress.cpp */ = {isa = PBXFileReference; fileEncoding = 4; lastKnownFileType = sourcecode.cpp.cpp; path = "char-array-compress.cpp"; sourceTree = "<group>"; };
		7B36C6182B1D0897005253E3 /* 1877. Minimize Maximum Pair Sum in Array.cpp */ = {isa = PBXFileReference; lastKnownFileType = sourcecode.cpp.cpp; path = "1877. Minimize Maximum Pair Sum in Array.cpp"; sourceTree = "<group>"; };
		7B36C6192B1D0897005253E3 /* 2810. Faulty-Keyboard.cpp */ = {isa = PBXFileReference; lastKnownFileType = sourcecode.cpp.cpp; path = "2810. Faulty-Keyboard.cpp"; sourceTree = "<group>"; };
		7B36C61A2B1D0897005253E3 /* 1980. find-unique-binary-string.cpp */ = {isa = PBXFileReference; lastKnownFileType = sourcecode.cpp.cpp; path = "1980. find-unique-binary-string.cpp"; sourceTree = "<group>"; };
		7B36C61B2B1D0897005253E3 /* 345. Reverse-Vowels.cpp */ = {isa = PBXFileReference; lastKnownFileType = sourcecode.cpp.cpp; path = "345. Reverse-Vowels.cpp"; sourceTree = "<group>"; };
		7B36C61C2B1D0897005253E3 /* 21. Merge Two Sorted Lists.cpp */ = {isa = PBXFileReference; lastKnownFileType = sourcecode.cpp.cpp; path = "21. Merge Two Sorted Lists.cpp"; sourceTree = "<group>"; };
		7B36C61D2B1D0897005253E3 /* 2785. Sort-Vowels-in-String.cpp */ = {isa = PBXFileReference; lastKnownFileType = sourcecode.cpp.cpp; path = "2785. Sort-Vowels-in-String.cpp"; sourceTree = "<group>"; };
		7B36C61F2B1D08BE005253E3 /* SetOperations.cpp */ = {isa = PBXFileReference; lastKnownFileType = sourcecode.cpp.cpp; path = SetOperations.cpp; sourceTree = "<group>"; };
		7B36C6202B1D08BE005253E3 /* MapOperations.cpp */ = {isa = PBXFileReference; lastKnownFileType = sourcecode.cpp.cpp; path = MapOperations.cpp; sourceTree = "<group>"; };
		7B36C6222B1D08D0005253E3 /* Converter.cpp */ = {isa = PBXFileReference; lastKnownFileType = sourcecode.cpp.cpp; path = Converter.cpp; sourceTree = "<group>"; };
		7B36C6242B1D08D0005253E3 /* Log-Power.cpp */ = {isa = PBXFileReference; lastKnownFileType = sourcecode.cpp.cpp; path = "Log-Power.cpp"; sourceTree = "<group>"; };
		7B36C6262B1D08DA005253E3 /* Default-Sorting-Custom-Comparator.cpp */ = {isa = PBXFileReference; lastKnownFileType = sourcecode.cpp.cpp; path = "Default-Sorting-Custom-Comparator.cpp"; sourceTree = "<group>"; };
		7B36C6272B1D08DA005253E3 /* Default-Sorting.cpp */ = {isa = PBXFileReference; lastKnownFileType = sourcecode.cpp.cpp; path = "Default-Sorting.cpp"; sourceTree = "<group>"; };
		7B4E935A2B1E3DC90003C2B1 /* 2264. Largest 3-Same-Digit Number in String.cpp */ = {isa = PBXFileReference; lastKnownFileType = sourcecode.cpp.cpp; path = "2264. Largest 3-Same-Digit Number in String.cpp"; sourceTree = "<group>"; };
		7BDCC5832B2381BE00F328C7 /* 606. Construct String from Binary Tree.cpp */ = {isa = PBXFileReference; lastKnownFileType = sourcecode.cpp.cpp; path = "606. Construct String from Binary Tree.cpp"; sourceTree = "<group>"; };
/* End PBXFileReference section */

/* Begin PBXFrameworksBuildPhase section */
		7B36C5FB2B1CFC37005253E3 /* Frameworks */ = {
			isa = PBXFrameworksBuildPhase;
			buildActionMask = 2147483647;
			files = (
			);
			runOnlyForDeploymentPostprocessing = 0;
		};
/* End PBXFrameworksBuildPhase section */

/* Begin PBXGroup section */
		7B36C5F52B1CFC37005253E3 = {
			isa = PBXGroup;
			children = (
				7B36C6002B1CFC37005253E3 /* SymbioteSyntax */,
				7B36C5FF2B1CFC37005253E3 /* Products */,
			);
			sourceTree = "<group>";
		};
		7B36C5FF2B1CFC37005253E3 /* Products */ = {
			isa = PBXGroup;
			children = (
				7B36C5FE2B1CFC37005253E3 /* SymbioteSyntax */,
			);
			name = Products;
			sourceTree = "<group>";
		};
		7B36C6002B1CFC37005253E3 /* SymbioteSyntax */ = {
			isa = PBXGroup;
			children = (
				7B36C6012B1CFC37005253E3 /* main.cpp */,
				7B36C6252B1D08DA005253E3 /* Algorithms */,
				7B36C6212B1D08D0005253E3 /* Basics */,
				7B36C61E2B1D08BE005253E3 /* Collections */,
				7B36C6172B1D0897005253E3 /* Leetcode */,
				7B36C6082B1D0118005253E3 /* Private */,
			);
			path = SymbioteSyntax;
			sourceTree = "<group>";
		};
		7B36C6082B1D0118005253E3 /* Private */ = {
			isa = PBXGroup;
			children = (
				7B36C6132B1D0861005253E3 /* Rounds */,
			);
			path = Private;
			sourceTree = "<group>";
		};
		7B36C6132B1D0861005253E3 /* Rounds */ = {
			isa = PBXGroup;
			children = (
				7B36C6142B1D0861005253E3 /* Tiktok */,
			);
			path = Rounds;
			sourceTree = "<group>";
		};
		7B36C6142B1D0861005253E3 /* Tiktok */ = {
			isa = PBXGroup;
			children = (
				7B36C6152B1D0861005253E3 /* char-array-compress.cpp */,
			);
			path = Tiktok;
			sourceTree = "<group>";
		};
		7B36C6172B1D0897005253E3 /* Leetcode */ = {
			isa = PBXGroup;
			children = (
				7B36C61C2B1D0897005253E3 /* 21. Merge Two Sorted Lists.cpp */,
				7B36C61B2B1D0897005253E3 /* 345. Reverse-Vowels.cpp */,
				7BDCC5832B2381BE00F328C7 /* 606. Construct String from Binary Tree.cpp */,
				7B36C6182B1D0897005253E3 /* 1877. Minimize Maximum Pair Sum in Array.cpp */,
				7B0B5B162B224E5400E75531 /* 1903. Largest Odd Number in String.cpp */,
				7B36C61A2B1D0897005253E3 /* 1980. find-unique-binary-string.cpp */,
				7B4E935A2B1E3DC90003C2B1 /* 2264. Largest 3-Same-Digit Number in String.cpp */,
				7B36C61D2B1D0897005253E3 /* 2785. Sort-Vowels-in-String.cpp */,
				7B36C6192B1D0897005253E3 /* 2810. Faulty-Keyboard.cpp */,
			);
			path = Leetcode;
			sourceTree = "<group>";
		};
		7B36C61E2B1D08BE005253E3 /* Collections */ = {
			isa = PBXGroup;
			children = (
				7B36C61F2B1D08BE005253E3 /* SetOperations.cpp */,
				7B36C6202B1D08BE005253E3 /* MapOperations.cpp */,
			);
			path = Collections;
			sourceTree = "<group>";
		};
		7B36C6212B1D08D0005253E3 /* Basics */ = {
			isa = PBXGroup;
			children = (
				7B36C6232B1D08D0005253E3 /* Math */,
				7B36C6222B1D08D0005253E3 /* Converter.cpp */,
			);
			path = Basics;
			sourceTree = "<group>";
		};
		7B36C6232B1D08D0005253E3 /* Math */ = {
			isa = PBXGroup;
			children = (
				7B36C6242B1D08D0005253E3 /* Log-Power.cpp */,
			);
			path = Math;
			sourceTree = "<group>";
		};
		7B36C6252B1D08DA005253E3 /* Algorithms */ = {
			isa = PBXGroup;
			children = (
				7B36C6262B1D08DA005253E3 /* Default-Sorting-Custom-Comparator.cpp */,
				7B36C6272B1D08DA005253E3 /* Default-Sorting.cpp */,
			);
			path = Algorithms;
			sourceTree = "<group>";
		};
/* End PBXGroup section */

/* Begin PBXNativeTarget section */
		7B36C5FD2B1CFC37005253E3 /* SymbioteSyntax */ = {
			isa = PBXNativeTarget;
			buildConfigurationList = 7B36C6052B1CFC37005253E3 /* Build configuration list for PBXNativeTarget "SymbioteSyntax" */;
			buildPhases = (
				7B36C5FA2B1CFC37005253E3 /* Sources */,
				7B36C5FB2B1CFC37005253E3 /* Frameworks */,
				7B36C5FC2B1CFC37005253E3 /* CopyFiles */,
			);
			buildRules = (
			);
			dependencies = (
			);
			name = SymbioteSyntax;
			productName = SymbioteSyntax;
			productReference = 7B36C5FE2B1CFC37005253E3 /* SymbioteSyntax */;
			productType = "com.apple.product-type.tool";
		};
/* End PBXNativeTarget section */

/* Begin PBXProject section */
		7B36C5F62B1CFC37005253E3 /* Project object */ = {
			isa = PBXProject;
			attributes = {
				BuildIndependentTargetsInParallel = 1;
				LastUpgradeCheck = 1500;
				TargetAttributes = {
					7B36C5FD2B1CFC37005253E3 = {
						CreatedOnToolsVersion = 15.0.1;
					};
				};
			};
			buildConfigurationList = 7B36C5F92B1CFC37005253E3 /* Build configuration list for PBXProject "SymbioteSyntax" */;
			compatibilityVersion = "Xcode 14.0";
			developmentRegion = en;
			hasScannedForEncodings = 0;
			knownRegions = (
				en,
				Base,
			);
			mainGroup = 7B36C5F52B1CFC37005253E3;
			productRefGroup = 7B36C5FF2B1CFC37005253E3 /* Products */;
			projectDirPath = "";
			projectRoot = "";
			targets = (
				7B36C5FD2B1CFC37005253E3 /* SymbioteSyntax */,
			);
		};
/* End PBXProject section */

/* Begin PBXSourcesBuildPhase section */
		7B36C5FA2B1CFC37005253E3 /* Sources */ = {
			isa = PBXSourcesBuildPhase;
			buildActionMask = 2147483647;
			files = (
				7BDCC5842B2381BE00F328C7 /* 606. Construct String from Binary Tree.cpp in Sources */,
			);
			runOnlyForDeploymentPostprocessing = 0;
		};
/* End PBXSourcesBuildPhase section */

/* Begin XCBuildConfiguration section */
		7B36C6032B1CFC37005253E3 /* Debug */ = {
			isa = XCBuildConfiguration;
			buildSettings = {
				ALWAYS_SEARCH_USER_PATHS = NO;
				ASSETCATALOG_COMPILER_GENERATE_SWIFT_ASSET_SYMBOL_EXTENSIONS = YES;
				CLANG_ANALYZER_NONNULL = YES;
				CLANG_ANALYZER_NUMBER_OBJECT_CONVERSION = YES_AGGRESSIVE;
				CLANG_CXX_LANGUAGE_STANDARD = "gnu++20";
				CLANG_ENABLE_MODULES = YES;
				CLANG_ENABLE_OBJC_ARC = YES;
				CLANG_ENABLE_OBJC_WEAK = YES;
				CLANG_WARN_BLOCK_CAPTURE_AUTORELEASING = YES;
				CLANG_WARN_BOOL_CONVERSION = YES;
				CLANG_WARN_COMMA = YES;
				CLANG_WARN_CONSTANT_CONVERSION = YES;
				CLANG_WARN_DEPRECATED_OBJC_IMPLEMENTATIONS = YES;
				CLANG_WARN_DIRECT_OBJC_ISA_USAGE = YES_ERROR;
				CLANG_WARN_DOCUMENTATION_COMMENTS = YES;
				CLANG_WARN_EMPTY_BODY = YES;
				CLANG_WARN_ENUM_CONVERSION = YES;
				CLANG_WARN_INFINITE_RECURSION = YES;
				CLANG_WARN_INT_CONVERSION = YES;
				CLANG_WARN_NON_LITERAL_NULL_CONVERSION = YES;
				CLANG_WARN_OBJC_IMPLICIT_RETAIN_SELF = YES;
				CLANG_WARN_OBJC_LITERAL_CONVERSION = YES;
				CLANG_WARN_OBJC_ROOT_CLASS = YES_ERROR;
				CLANG_WARN_QUOTED_INCLUDE_IN_FRAMEWORK_HEADER = YES;
				CLANG_WARN_RANGE_LOOP_ANALYSIS = YES;
				CLANG_WARN_STRICT_PROTOTYPES = YES;
				CLANG_WARN_SUSPICIOUS_MOVE = YES;
				CLANG_WARN_UNGUARDED_AVAILABILITY = YES_AGGRESSIVE;
				CLANG_WARN_UNREACHABLE_CODE = YES;
				CLANG_WARN__DUPLICATE_METHOD_MATCH = YES;
				COPY_PHASE_STRIP = NO;
				DEBUG_INFORMATION_FORMAT = dwarf;
				ENABLE_STRICT_OBJC_MSGSEND = YES;
				ENABLE_TESTABILITY = YES;
				ENABLE_USER_SCRIPT_SANDBOXING = YES;
				GCC_C_LANGUAGE_STANDARD = gnu17;
				GCC_DYNAMIC_NO_PIC = NO;
				GCC_NO_COMMON_BLOCKS = YES;
				GCC_OPTIMIZATION_LEVEL = 0;
				GCC_PREPROCESSOR_DEFINITIONS = (
					"DEBUG=1",
					"$(inherited)",
				);
				GCC_WARN_64_TO_32_BIT_CONVERSION = YES;
				GCC_WARN_ABOUT_RETURN_TYPE = YES_ERROR;
				GCC_WARN_UNDECLARED_SELECTOR = YES;
				GCC_WARN_UNINITIALIZED_AUTOS = YES_AGGRESSIVE;
				GCC_WARN_UNUSED_FUNCTION = YES;
				GCC_WARN_UNUSED_VARIABLE = YES;
				LOCALIZATION_PREFERS_STRING_CATALOGS = YES;
				MACOSX_DEPLOYMENT_TARGET = 14.0;
				MTL_ENABLE_DEBUG_INFO = INCLUDE_SOURCE;
				MTL_FAST_MATH = YES;
				ONLY_ACTIVE_ARCH = YES;
				SDKROOT = macosx;
			};
			name = Debug;
		};
		7B36C6042B1CFC37005253E3 /* Release */ = {
			isa = XCBuildConfiguration;
			buildSettings = {
				ALWAYS_SEARCH_USER_PATHS = NO;
				ASSETCATALOG_COMPILER_GENERATE_SWIFT_ASSET_SYMBOL_EXTENSIONS = YES;
				CLANG_ANALYZER_NONNULL = YES;
				CLANG_ANALYZER_NUMBER_OBJECT_CONVERSION = YES_AGGRESSIVE;
				CLANG_CXX_LANGUAGE_STANDARD = "gnu++20";
				CLANG_ENABLE_MODULES = YES;
				CLANG_ENABLE_OBJC_ARC = YES;
				CLANG_ENABLE_OBJC_WEAK = YES;
				CLANG_WARN_BLOCK_CAPTURE_AUTORELEASING = YES;
				CLANG_WARN_BOOL_CONVERSION = YES;
				CLANG_WARN_COMMA = YES;
				CLANG_WARN_CONSTANT_CONVERSION = YES;
				CLANG_WARN_DEPRECATED_OBJC_IMPLEMENTATIONS = YES;
				CLANG_WARN_DIRECT_OBJC_ISA_USAGE = YES_ERROR;
				CLANG_WARN_DOCUMENTATION_COMMENTS = YES;
				CLANG_WARN_EMPTY_BODY = YES;
				CLANG_WARN_ENUM_CONVERSION = YES;
				CLANG_WARN_INFINITE_RECURSION = YES;
				CLANG_WARN_INT_CONVERSION = YES;
				CLANG_WARN_NON_LITERAL_NULL_CONVERSION = YES;
				CLANG_WARN_OBJC_IMPLICIT_RETAIN_SELF = YES;
				CLANG_WARN_OBJC_LITERAL_CONVERSION = YES;
				CLANG_WARN_OBJC_ROOT_CLASS = YES_ERROR;
				CLANG_WARN_QUOTED_INCLUDE_IN_FRAMEWORK_HEADER = YES;
				CLANG_WARN_RANGE_LOOP_ANALYSIS = YES;
				CLANG_WARN_STRICT_PROTOTYPES = YES;
				CLANG_WARN_SUSPICIOUS_MOVE = YES;
				CLANG_WARN_UNGUARDED_AVAILABILITY = YES_AGGRESSIVE;
				CLANG_WARN_UNREACHABLE_CODE = YES;
				CLANG_WARN__DUPLICATE_METHOD_MATCH = YES;
				COPY_PHASE_STRIP = NO;
				DEBUG_INFORMATION_FORMAT = "dwarf-with-dsym";
				ENABLE_NS_ASSERTIONS = NO;
				ENABLE_STRICT_OBJC_MSGSEND = YES;
				ENABLE_USER_SCRIPT_SANDBOXING = YES;
				GCC_C_LANGUAGE_STANDARD = gnu17;
				GCC_NO_COMMON_BLOCKS = YES;
				GCC_WARN_64_TO_32_BIT_CONVERSION = YES;
				GCC_WARN_ABOUT_RETURN_TYPE = YES_ERROR;
				GCC_WARN_UNDECLARED_SELECTOR = YES;
				GCC_WARN_UNINITIALIZED_AUTOS = YES_AGGRESSIVE;
				GCC_WARN_UNUSED_FUNCTION = YES;
				GCC_WARN_UNUSED_VARIABLE = YES;
				LOCALIZATION_PREFERS_STRING_CATALOGS = YES;
				MACOSX_DEPLOYMENT_TARGET = 14.0;
				MTL_ENABLE_DEBUG_INFO = NO;
				MTL_FAST_MATH = YES;
				SDKROOT = macosx;
			};
			name = Release;
		};
		7B36C6062B1CFC37005253E3 /* Debug */ = {
			isa = XCBuildConfiguration;
			buildSettings = {
				CODE_SIGN_STYLE = Automatic;
				DEVELOPMENT_TEAM = J6HA3TARP3;
				ENABLE_HARDENED_RUNTIME = YES;
				PRODUCT_NAME = "$(TARGET_NAME)";
			};
			name = Debug;
		};
		7B36C6072B1CFC37005253E3 /* Release */ = {
			isa = XCBuildConfiguration;
			buildSettings = {
				CODE_SIGN_STYLE = Automatic;
				DEVELOPMENT_TEAM = J6HA3TARP3;
				ENABLE_HARDENED_RUNTIME = YES;
				PRODUCT_NAME = "$(TARGET_NAME)";
			};
			name = Release;
		};
/* End XCBuildConfiguration section */

/* Begin XCConfigurationList section */
		7B36C5F92B1CFC37005253E3 /* Build configuration list for PBXProject "SymbioteSyntax" */ = {
			isa = XCConfigurationList;
			buildConfigurations = (
				7B36C6032B1CFC37005253E3 /* Debug */,
				7B36C6042B1CFC37005253E3 /* Release */,
			);
			defaultConfigurationIsVisible = 0;
			defaultConfigurationName = Release;
		};
		7B36C6052B1CFC37005253E3 /* Build configuration list for PBXNativeTarget "SymbioteSyntax" */ = {
			isa = XCConfigurationList;
			buildConfigurations = (
				7B36C6062B1CFC37005253E3 /* Debug */,
				7B36C6072B1CFC37005253E3 /* Release */,
			);
			defaultConfigurationIsVisible = 0;
			defaultConfigurationName = Release;
		};
/* End XCConfigurationList section */
	};
	rootObject = 7B36C5F62B1CFC37005253E3 /* Project object */;
}
